{
  "nodes": {
    "nixpkgs": {
      "locked": {
        "lastModified": 1697935353,
        "narHash": "sha256-dDwl5ziD24Gs0feke2seFXoQibHafb5XeNDWlUZxCbg=",
        "owner": "NixOS",
        "repo": "nixpkgs",
        "rev": "8dfad603247387df1df4826b8bea58efc5d012d8",
        "type": "github"
      },
      "original": {
        "owner": "NixOS",
        "ref": "nixos-unstable-small",
        "repo": "nixpkgs",
        "type": "github"
      }
    },
    "root": {
      "inputs": {
        "nixpkgs": "nixpkgs"
      }
    }
  },
  "root": "root",
  "version": 7
}
